
Microsoft Visual Studio Solution File, Format Version 11.00
# Visual Studio 2010
Project("{2150E333-8FDC-42A3-9474-1A3956D46DE8}") = "OrderManagement", "OrderManagement", "{B2CBC6CA-A52B-47D3-AA81-E7A62FE013FD}"
EndProject
Project("{2150E333-8FDC-42A3-9474-1A3956D46DE8}") = "ReferenceData", "ReferenceData", "{B8707F3A-B8B1-4C34-B7C0-956D98396111}"
EndProject
Project("{2150E333-8FDC-42A3-9474-1A3956D46DE8}") = "PortfolioManagement", "PortfolioManagement", "{7F5C02EB-FC79-40A1-BF63-CF9F0971D4B3}"
EndProject
Project("{2150E333-8FDC-42A3-9474-1A3956D46DE8}") = "Common", "Common", "{BCBCABE9-F604-4DFC-A544-C1F5B7C057B7}"
EndProject
Project("{FAE04EC0-301F-11D3-BF4B-00C04F79EFBC}") = "TestSOA.OrderManagement.Messages", "src\TestSOA.OrderManagement.Messages\TestSOA.OrderManagement.Messages.csproj", "{85EA4A71-9089-4DD6-A773-B6F827882EC2}"
EndProject
Project("{FAE04EC0-301F-11D3-BF4B-00C04F79EFBC}") = "TestSOA.OrderManagement.DomainModel", "src\TestSOA.OrderManagement.DomainModel\TestSOA.OrderManagement.DomainModel.csproj", "{F5C76086-CCCF-4F04-A7BF-EE921E49E443}"
EndProject
Project("{FAE04EC0-301F-11D3-BF4B-00C04F79EFBC}") = "TestSOA.OrderManagement.DataAccess", "src\TestSOA.OrderManagement.DataAccess\TestSOA.OrderManagement.DataAccess.csproj", "{3B6C5012-F958-45C0-99BC-40E35BBDB135}"
EndProject
Project("{FAE04EC0-301F-11D3-BF4B-00C04F79EFBC}") = "TestSOA.OrderManagement.Services", "src\TestSOA.OrderManagement.Services\TestSOA.OrderManagement.Services.csproj", "{52CFDBC0-1571-46CB-95CA-FBDEBDDE2A6B}"
EndProject
Project("{FAE04EC0-301F-11D3-BF4B-00C04F79EFBC}") = "TestSOA.PortfolioManagement.Messages", "src\TestSOA.PortfolioManagement.Messages\TestSOA.PortfolioManagement.Messages.csproj", "{8E5C7CF8-4C19-4D9C-880F-F8D9DE617C44}"
EndProject
Project("{FAE04EC0-301F-11D3-BF4B-00C04F79EFBC}") = "TestSOA.PortfolioManagement.DataAccess", "src\TestSOA.PortfolioManagement.DataAccess\TestSOA.PortfolioManagement.DataAccess.csproj", "{A0E7205E-42C7-4722-9D06-0476F4298E8D}"
EndProject
Project("{FAE04EC0-301F-11D3-BF4B-00C04F79EFBC}") = "TestSOA.PortfolioManagement.DomainModel", "src\TestSOA.PortfolioManagement.DomainModel\TestSOA.PortfolioManagement.DomainModel.csproj", "{813B748E-051C-4059-AA0E-5F0C9C1CFEAC}"
EndProject
Project("{FAE04EC0-301F-11D3-BF4B-00C04F79EFBC}") = "TestSOA.PortfolioManagement.Services", "src\TestSOA.PortfolioManagement.Services\TestSOA.PortfolioManagement.Services.csproj", "{4A271FEA-93BB-4106-A2E1-16F3676263D7}"
EndProject
Project("{FAE04EC0-301F-11D3-BF4B-00C04F79EFBC}") = "TestSOA.ReferenceData.Messages", "src\TestSOA.ReferenceData.Messages\TestSOA.ReferenceData.Messages.csproj", "{A71DD32B-2F23-4EB7-A134-3794841ECB33}"
EndProject
Project("{FAE04EC0-301F-11D3-BF4B-00C04F79EFBC}") = "TestSOA.ReferenceData.DataAccess", "src\TestSOA.ReferenceData.DataAccess\TestSOA.ReferenceData.DataAccess.csproj", "{D61933E9-C42E-4A45-B20F-733868FFA273}"
EndProject
Project("{FAE04EC0-301F-11D3-BF4B-00C04F79EFBC}") = "TestSOA.ReferenceData.DomainModel", "src\TestSOA.ReferenceData.DomainModel\TestSOA.ReferenceData.DomainModel.csproj", "{BBDB352B-AA7B-4505-A4B3-C9C1967BC3DE}"
EndProject
Project("{FAE04EC0-301F-11D3-BF4B-00C04F79EFBC}") = "TestSOA.ReferenceData.Services", "src\TestSOA.ReferenceData.Services\TestSOA.ReferenceData.Services.csproj", "{A3A4BD9C-DFC1-4ABC-B852-974C566D9905}"
EndProject
Project("{FAE04EC0-301F-11D3-BF4B-00C04F79EFBC}") = "TestSOA.ServiceHost", "src\TestSOA.ServiceHost\TestSOA.ServiceHost.csproj", "{599CABD2-1558-4E55-B403-F98939F1303D}"
EndProject
Project("{FAE04EC0-301F-11D3-BF4B-00C04F79EFBC}") = "TestSOA.Common", "src\TestSOA.Common\TestSOA.Common.csproj", "{710C91EC-F9F3-4574-9F80-5019564B382D}"
EndProject
Global
	GlobalSection(SolutionConfigurationPlatforms) = preSolution
		Debug|Any CPU = Debug|Any CPU
		Release|Any CPU = Release|Any CPU
	EndGlobalSection
	GlobalSection(ProjectConfigurationPlatforms) = postSolution
		{85EA4A71-9089-4DD6-A773-B6F827882EC2}.Debug|Any CPU.ActiveCfg = Debug|Any CPU
		{85EA4A71-9089-4DD6-A773-B6F827882EC2}.Debug|Any CPU.Build.0 = Debug|Any CPU
		{85EA4A71-9089-4DD6-A773-B6F827882EC2}.Release|Any CPU.ActiveCfg = Release|Any CPU
		{85EA4A71-9089-4DD6-A773-B6F827882EC2}.Release|Any CPU.Build.0 = Release|Any CPU
		{F5C76086-CCCF-4F04-A7BF-EE921E49E443}.Debug|Any CPU.ActiveCfg = Debug|Any CPU
		{F5C76086-CCCF-4F04-A7BF-EE921E49E443}.Debug|Any CPU.Build.0 = Debug|Any CPU
		{F5C76086-CCCF-4F04-A7BF-EE921E49E443}.Release|Any CPU.ActiveCfg = Release|Any CPU
		{F5C76086-CCCF-4F04-A7BF-EE921E49E443}.Release|Any CPU.Build.0 = Release|Any CPU
		{3B6C5012-F958-45C0-99BC-40E35BBDB135}.Debug|Any CPU.ActiveCfg = Debug|Any CPU
		{3B6C5012-F958-45C0-99BC-40E35BBDB135}.Debug|Any CPU.Build.0 = Debug|Any CPU
		{3B6C5012-F958-45C0-99BC-40E35BBDB135}.Release|Any CPU.ActiveCfg = Release|Any CPU
		{3B6C5012-F958-45C0-99BC-40E35BBDB135}.Release|Any CPU.Build.0 = Release|Any CPU
		{52CFDBC0-1571-46CB-95CA-FBDEBDDE2A6B}.Debug|Any CPU.ActiveCfg = Debug|Any CPU
		{52CFDBC0-1571-46CB-95CA-FBDEBDDE2A6B}.Debug|Any CPU.Build.0 = Debug|Any CPU
		{52CFDBC0-1571-46CB-95CA-FBDEBDDE2A6B}.Release|Any CPU.ActiveCfg = Release|Any CPU
		{52CFDBC0-1571-46CB-95CA-FBDEBDDE2A6B}.Release|Any CPU.Build.0 = Release|Any CPU
		{8E5C7CF8-4C19-4D9C-880F-F8D9DE617C44}.Debug|Any CPU.ActiveCfg = Debug|Any CPU
		{8E5C7CF8-4C19-4D9C-880F-F8D9DE617C44}.Debug|Any CPU.Build.0 = Debug|Any CPU
		{8E5C7CF8-4C19-4D9C-880F-F8D9DE617C44}.Release|Any CPU.ActiveCfg = Release|Any CPU
		{8E5C7CF8-4C19-4D9C-880F-F8D9DE617C44}.Release|Any CPU.Build.0 = Release|Any CPU
		{A0E7205E-42C7-4722-9D06-0476F4298E8D}.Debug|Any CPU.ActiveCfg = Debug|Any CPU
		{A0E7205E-42C7-4722-9D06-0476F4298E8D}.Debug|Any CPU.Build.0 = Debug|Any CPU
		{A0E7205E-42C7-4722-9D06-0476F4298E8D}.Release|Any CPU.ActiveCfg = Release|Any CPU
		{A0E7205E-42C7-4722-9D06-0476F4298E8D}.Release|Any CPU.Build.0 = Release|Any CPU
		{813B748E-051C-4059-AA0E-5F0C9C1CFEAC}.Debug|Any CPU.ActiveCfg = Debug|Any CPU
		{813B748E-051C-4059-AA0E-5F0C9C1CFEAC}.Debug|Any CPU.Build.0 = Debug|Any CPU
		{813B748E-051C-4059-AA0E-5F0C9C1CFEAC}.Release|Any CPU.ActiveCfg = Release|Any CPU
		{813B748E-051C-4059-AA0E-5F0C9C1CFEAC}.Release|Any CPU.Build.0 = Release|Any CPU
		{4A271FEA-93BB-4106-A2E1-16F3676263D7}.Debug|Any CPU.ActiveCfg = Debug|Any CPU
		{4A271FEA-93BB-4106-A2E1-16F3676263D7}.Debug|Any CPU.Build.0 = Debug|Any CPU
		{4A271FEA-93BB-4106-A2E1-16F3676263D7}.Release|Any CPU.ActiveCfg = Release|Any CPU
		{4A271FEA-93BB-4106-A2E1-16F3676263D7}.Release|Any CPU.Build.0 = Release|Any CPU
		{A71DD32B-2F23-4EB7-A134-3794841ECB33}.Debug|Any CPU.ActiveCfg = Debug|Any CPU
		{A71DD32B-2F23-4EB7-A134-3794841ECB33}.Debug|Any CPU.Build.0 = Debug|Any CPU
		{A71DD32B-2F23-4EB7-A134-3794841ECB33}.Release|Any CPU.ActiveCfg = Release|Any CPU
		{A71DD32B-2F23-4EB7-A134-3794841ECB33}.Release|Any CPU.Build.0 = Release|Any CPU
		{D61933E9-C42E-4A45-B20F-733868FFA273}.Debug|Any CPU.ActiveCfg = Debug|Any CPU
		{D61933E9-C42E-4A45-B20F-733868FFA273}.Debug|Any CPU.Build.0 = Debug|Any CPU
		{D61933E9-C42E-4A45-B20F-733868FFA273}.Release|Any CPU.ActiveCfg = Release|Any CPU
		{D61933E9-C42E-4A45-B20F-733868FFA273}.Release|Any CPU.Build.0 = Release|Any CPU
		{BBDB352B-AA7B-4505-A4B3-C9C1967BC3DE}.Debug|Any CPU.ActiveCfg = Debug|Any CPU
		{BBDB352B-AA7B-4505-A4B3-C9C1967BC3DE}.Debug|Any CPU.Build.0 = Debug|Any CPU
		{BBDB352B-AA7B-4505-A4B3-C9C1967BC3DE}.Release|Any CPU.ActiveCfg = Release|Any CPU
		{BBDB352B-AA7B-4505-A4B3-C9C1967BC3DE}.Release|Any CPU.Build.0 = Release|Any CPU
		{A3A4BD9C-DFC1-4ABC-B852-974C566D9905}.Debug|Any CPU.ActiveCfg = Debug|Any CPU
		{A3A4BD9C-DFC1-4ABC-B852-974C566D9905}.Debug|Any CPU.Build.0 = Debug|Any CPU
		{A3A4BD9C-DFC1-4ABC-B852-974C566D9905}.Release|Any CPU.ActiveCfg = Release|Any CPU
		{A3A4BD9C-DFC1-4ABC-B852-974C566D9905}.Release|Any CPU.Build.0 = Release|Any CPU
		{599CABD2-1558-4E55-B403-F98939F1303D}.Debug|Any CPU.ActiveCfg = Debug|Any CPU
		{599CABD2-1558-4E55-B403-F98939F1303D}.Debug|Any CPU.Build.0 = Debug|Any CPU
		{599CABD2-1558-4E55-B403-F98939F1303D}.Release|Any CPU.ActiveCfg = Release|Any CPU
		{599CABD2-1558-4E55-B403-F98939F1303D}.Release|Any CPU.Build.0 = Release|Any CPU
		{710C91EC-F9F3-4574-9F80-5019564B382D}.Debug|Any CPU.ActiveCfg = Debug|Any CPU
		{710C91EC-F9F3-4574-9F80-5019564B382D}.Debug|Any CPU.Build.0 = Debug|Any CPU
		{710C91EC-F9F3-4574-9F80-5019564B382D}.Release|Any CPU.ActiveCfg = Release|Any CPU
		{710C91EC-F9F3-4574-9F80-5019564B382D}.Release|Any CPU.Build.0 = Release|Any CPU
	EndGlobalSection
	GlobalSection(SolutionProperties) = preSolution
		HideSolutionNode = FALSE
	EndGlobalSection
	GlobalSection(NestedProjects) = preSolution
		{85EA4A71-9089-4DD6-A773-B6F827882EC2} = {B2CBC6CA-A52B-47D3-AA81-E7A62FE013FD}
		{F5C76086-CCCF-4F04-A7BF-EE921E49E443} = {B2CBC6CA-A52B-47D3-AA81-E7A62FE013FD}
		{3B6C5012-F958-45C0-99BC-40E35BBDB135} = {B2CBC6CA-A52B-47D3-AA81-E7A62FE013FD}
		{52CFDBC0-1571-46CB-95CA-FBDEBDDE2A6B} = {B2CBC6CA-A52B-47D3-AA81-E7A62FE013FD}
		{A71DD32B-2F23-4EB7-A134-3794841ECB33} = {B8707F3A-B8B1-4C34-B7C0-956D98396111}
		{D61933E9-C42E-4A45-B20F-733868FFA273} = {B8707F3A-B8B1-4C34-B7C0-956D98396111}
		{BBDB352B-AA7B-4505-A4B3-C9C1967BC3DE} = {B8707F3A-B8B1-4C34-B7C0-956D98396111}
		{A3A4BD9C-DFC1-4ABC-B852-974C566D9905} = {B8707F3A-B8B1-4C34-B7C0-956D98396111}
		{8E5C7CF8-4C19-4D9C-880F-F8D9DE617C44} = {7F5C02EB-FC79-40A1-BF63-CF9F0971D4B3}
		{A0E7205E-42C7-4722-9D06-0476F4298E8D} = {7F5C02EB-FC79-40A1-BF63-CF9F0971D4B3}
		{813B748E-051C-4059-AA0E-5F0C9C1CFEAC} = {7F5C02EB-FC79-40A1-BF63-CF9F0971D4B3}
		{4A271FEA-93BB-4106-A2E1-16F3676263D7} = {7F5C02EB-FC79-40A1-BF63-CF9F0971D4B3}
		{599CABD2-1558-4E55-B403-F98939F1303D} = {BCBCABE9-F604-4DFC-A544-C1F5B7C057B7}
		{710C91EC-F9F3-4574-9F80-5019564B382D} = {BCBCABE9-F604-4DFC-A544-C1F5B7C057B7}
	EndGlobalSection
EndGlobal
